// !$*UTF8*$!
{
	archiveVersion = 1;
	classes = {
	};
	objectVersion = 56;
	objects = {

/* Begin PBXBuildFile section */
		CF14916429DA52C8005F3A48 /* GoogleService-Info.plist in Resources */ = {isa = PBXBuildFile; fileRef = CF14916329DA52C8005F3A48 /* GoogleService-Info.plist */; };
		CFADF18B29DD0DD300ABCF4B /* UserModel.m in Sources */ = {isa = PBXBuildFile; fileRef = CFADF18A29DD0DD300ABCF4B /* UserModel.m */; };
		CFADF18E29DD15F000ABCF4B /* FriendsViewController.m in Sources */ = {isa = PBXBuildFile; fileRef = CFADF18D29DD15F000ABCF4B /* FriendsViewController.m */; };
		CFADF19429DD6CDC00ABCF4B /* ChattingViewController.m in Sources */ = {isa = PBXBuildFile; fileRef = CFADF19329DD6CDC00ABCF4B /* ChattingViewController.m */; };
		CFAEDB9429DBAD4F008CF5A7 /* SignupViewController.m in Sources */ = {isa = PBXBuildFile; fileRef = CFAEDB9329DBAD4F008CF5A7 /* SignupViewController.m */; };
		CFAEDB9B29DBC935008CF5A7 /* RegExOfTextfield.m in Sources */ = {isa = PBXBuildFile; fileRef = CFAEDB9A29DBC935008CF5A7 /* RegExOfTextfield.m */; };
		CFB5072D29DA64C900B3B42E /* LoginViewController.storyboard in Resources */ = {isa = PBXBuildFile; fileRef = CFB5072C29DA64C900B3B42E /* LoginViewController.storyboard */; };
		CFB6CC2529DA463B005876B9 /* AppDelegate.m in Sources */ = {isa = PBXBuildFile; fileRef = CFB6CC2429DA463B005876B9 /* AppDelegate.m */; };
		CFB6CC2829DA463B005876B9 /* SceneDelegate.m in Sources */ = {isa = PBXBuildFile; fileRef = CFB6CC2729DA463B005876B9 /* SceneDelegate.m */; };
		CFB6CC2B29DA463B005876B9 /* ViewController.m in Sources */ = {isa = PBXBuildFile; fileRef = CFB6CC2A29DA463B005876B9 /* ViewController.m */; };
		CFB6CC2E29DA463B005876B9 /* Main.storyboard in Resources */ = {isa = PBXBuildFile; fileRef = CFB6CC2C29DA463B005876B9 /* Main.storyboard */; };
		CFB6CC3029DA463B005876B9 /* Assets.xcassets in Resources */ = {isa = PBXBuildFile; fileRef = CFB6CC2F29DA463B005876B9 /* Assets.xcassets */; };
		CFB6CC3329DA463B005876B9 /* LaunchScreen.storyboard in Resources */ = {isa = PBXBuildFile; fileRef = CFB6CC3129DA463B005876B9 /* LaunchScreen.storyboard */; };
		CFB6CC3629DA463B005876B9 /* main.m in Sources */ = {isa = PBXBuildFile; fileRef = CFB6CC3529DA463B005876B9 /* main.m */; };
		CFD05D2B29DAA5F0001A8E42 /* LoginViewController.m in Sources */ = {isa = PBXBuildFile; fileRef = CFD05D2A29DAA5F0001A8E42 /* LoginViewController.m */; };
		E8D9109917176953C7E47A21 /* Pods_HongTalk.framework in Frameworks */ = {isa = PBXBuildFile; fileRef = A67F068208F875DAA280FD86 /* Pods_HongTalk.framework */; };
/* End PBXBuildFile section */

/* Begin PBXFileReference section */
		45F65872AF094105D610E9C8 /* Pods-HongTalk.debug.xcconfig */ = {isa = PBXFileReference; includeInIndex = 1; lastKnownFileType = text.xcconfig; name = "Pods-HongTalk.debug.xcconfig"; path = "Target Support Files/Pods-HongTalk/Pods-HongTalk.debug.xcconfig"; sourceTree = "<group>"; };
		97B36B79DA512DBD82301467 /* Pods-HongTalk.release.xcconfig */ = {isa = PBXFileReference; includeInIndex = 1; lastKnownFileType = text.xcconfig; name = "Pods-HongTalk.release.xcconfig"; path = "Target Support Files/Pods-HongTalk/Pods-HongTalk.release.xcconfig"; sourceTree = "<group>"; };
		A67F068208F875DAA280FD86 /* Pods_HongTalk.framework */ = {isa = PBXFileReference; explicitFileType = wrapper.framework; includeInIndex = 0; path = Pods_HongTalk.framework; sourceTree = BUILT_PRODUCTS_DIR; };
		CF14916329DA52C8005F3A48 /* GoogleService-Info.plist */ = {isa = PBXFileReference; fileEncoding = 4; lastKnownFileType = text.plist.xml; path = "GoogleService-Info.plist"; sourceTree = "<group>"; };
		CFADF18929DD0DD300ABCF4B /* UserModel.h */ = {isa = PBXFileReference; lastKnownFileType = sourcecode.c.h; path = UserModel.h; sourceTree = "<group>"; };
		CFADF18A29DD0DD300ABCF4B /* UserModel.m */ = {isa = PBXFileReference; lastKnownFileType = sourcecode.c.objc; path = UserModel.m; sourceTree = "<group>"; };
		CFADF18C29DD15F000ABCF4B /* FriendsViewController.h */ = {isa = PBXFileReference; lastKnownFileType = sourcecode.c.h; path = FriendsViewController.h; sourceTree = "<group>"; };
		CFADF18D29DD15F000ABCF4B /* FriendsViewController.m */ = {isa = PBXFileReference; lastKnownFileType = sourcecode.c.objc; path = FriendsViewController.m; sourceTree = "<group>"; };
		CFADF19229DD6CDC00ABCF4B /* ChattingViewController.h */ = {isa = PBXFileReference; lastKnownFileType = sourcecode.c.h; path = ChattingViewController.h; sourceTree = "<group>"; };
		CFADF19329DD6CDC00ABCF4B /* ChattingViewController.m */ = {isa = PBXFileReference; lastKnownFileType = sourcecode.c.objc; path = ChattingViewController.m; sourceTree = "<group>"; };
		CFAEDB9229DBAD4F008CF5A7 /* SignupViewController.h */ = {isa = PBXFileReference; lastKnownFileType = sourcecode.c.h; path = SignupViewController.h; sourceTree = "<group>"; };
		CFAEDB9329DBAD4F008CF5A7 /* SignupViewController.m */ = {isa = PBXFileReference; lastKnownFileType = sourcecode.c.objc; path = SignupViewController.m; sourceTree = "<group>"; };
		CFAEDB9929DBC935008CF5A7 /* RegExOfTextfield.h */ = {isa = PBXFileReference; lastKnownFileType = sourcecode.c.h; path = RegExOfTextfield.h; sourceTree = "<group>"; };
		CFAEDB9A29DBC935008CF5A7 /* RegExOfTextfield.m */ = {isa = PBXFileReference; lastKnownFileType = sourcecode.c.objc; path = RegExOfTextfield.m; sourceTree = "<group>"; };
		CFB5072C29DA64C900B3B42E /* LoginViewController.storyboard */ = {isa = PBXFileReference; lastKnownFileType = file.storyboard; path = LoginViewController.storyboard; sourceTree = "<group>"; };
		CFB6CC2029DA463B005876B9 /* HongTalk.app */ = {isa = PBXFileReference; explicitFileType = wrapper.application; includeInIndex = 0; path = HongTalk.app; sourceTree = BUILT_PRODUCTS_DIR; };
		CFB6CC2329DA463B005876B9 /* AppDelegate.h */ = {isa = PBXFileReference; lastKnownFileType = sourcecode.c.h; path = AppDelegate.h; sourceTree = "<group>"; };
		CFB6CC2429DA463B005876B9 /* AppDelegate.m */ = {isa = PBXFileReference; lastKnownFileType = sourcecode.c.objc; path = AppDelegate.m; sourceTree = "<group>"; };
		CFB6CC2629DA463B005876B9 /* SceneDelegate.h */ = {isa = PBXFileReference; lastKnownFileType = sourcecode.c.h; path = SceneDelegate.h; sourceTree = "<group>"; };
		CFB6CC2729DA463B005876B9 /* SceneDelegate.m */ = {isa = PBXFileReference; lastKnownFileType = sourcecode.c.objc; path = SceneDelegate.m; sourceTree = "<group>"; };
		CFB6CC2929DA463B005876B9 /* ViewController.h */ = {isa = PBXFileReference; lastKnownFileType = sourcecode.c.h; path = ViewController.h; sourceTree = "<group>"; };
		CFB6CC2A29DA463B005876B9 /* ViewController.m */ = {isa = PBXFileReference; lastKnownFileType = sourcecode.c.objc; path = ViewController.m; sourceTree = "<group>"; };
		CFB6CC2D29DA463B005876B9 /* Base */ = {isa = PBXFileReference; lastKnownFileType = file.storyboard; name = Base; path = Base.lproj/Main.storyboard; sourceTree = "<group>"; };
		CFB6CC2F29DA463B005876B9 /* Assets.xcassets */ = {isa = PBXFileReference; lastKnownFileType = folder.assetcatalog; path = Assets.xcassets; sourceTree = "<group>"; };
		CFB6CC3229DA463B005876B9 /* Base */ = {isa = PBXFileReference; lastKnownFileType = file.storyboard; name = Base; path = Base.lproj/LaunchScreen.storyboard; sourceTree = "<group>"; };
		CFB6CC3429DA463B005876B9 /* Info.plist */ = {isa = PBXFileReference; lastKnownFileType = text.plist.xml; path = Info.plist; sourceTree = "<group>"; };
		CFB6CC3529DA463B005876B9 /* main.m */ = {isa = PBXFileReference; lastKnownFileType = sourcecode.c.objc; path = main.m; sourceTree = "<group>"; };
		CFD05D2929DAA5F0001A8E42 /* LoginViewController.h */ = {isa = PBXFileReference; lastKnownFileType = sourcecode.c.h; path = LoginViewController.h; sourceTree = "<group>"; };
		CFD05D2A29DAA5F0001A8E42 /* LoginViewController.m */ = {isa = PBXFileReference; lastKnownFileType = sourcecode.c.objc; path = LoginViewController.m; sourceTree = "<group>"; };
/* End PBXFileReference section */

/* Begin PBXFrameworksBuildPhase section */
		CFB6CC1D29DA463B005876B9 /* Frameworks */ = {
			isa = PBXFrameworksBuildPhase;
			buildActionMask = 2147483647;
			files = (
				E8D9109917176953C7E47A21 /* Pods_HongTalk.framework in Frameworks */,
			);
			runOnlyForDeploymentPostprocessing = 0;
		};
/* End PBXFrameworksBuildPhase section */

/* Begin PBXGroup section */
		0DE0829BA174B236F29FF424 /* Frameworks */ = {
			isa = PBXGroup;
			children = (
				A67F068208F875DAA280FD86 /* Pods_HongTalk.framework */,
			);
			name = Frameworks;
			sourceTree = "<group>";
		};
		4FE9150B4F505C1B4D0DF1EB /* Pods */ = {
			isa = PBXGroup;
			children = (
				45F65872AF094105D610E9C8 /* Pods-HongTalk.debug.xcconfig */,
				97B36B79DA512DBD82301467 /* Pods-HongTalk.release.xcconfig */,
			);
			path = Pods;
			sourceTree = "<group>";
		};
		CF14916529DA52D2005F3A48 /* FirebaseFile */ = {
			isa = PBXGroup;
			children = (
				CF14916329DA52C8005F3A48 /* GoogleService-Info.plist */,
			);
			path = FirebaseFile;
			sourceTree = "<group>";
		};
		CFADF18829DD0CD400ABCF4B /* Models */ = {
			isa = PBXGroup;
			children = (
				CFADF18929DD0DD300ABCF4B /* UserModel.h */,
				CFADF18A29DD0DD300ABCF4B /* UserModel.m */,
			);
			path = Models;
			sourceTree = "<group>";
		};
		CFAEDB9C29DBD883008CF5A7 /* shareClass */ = {
			isa = PBXGroup;
			children = (
				CFAEDB9929DBC935008CF5A7 /* RegExOfTextfield.h */,
				CFAEDB9A29DBC935008CF5A7 /* RegExOfTextfield.m */,
			);
			path = shareClass;
			sourceTree = "<group>";
		};
		CFB5072E29DA64CE00B3B42E /* View+Storyboard */ = {
			isa = PBXGroup;
			children = (
				CFB5072C29DA64C900B3B42E /* LoginViewController.storyboard */,
				CFB6CC2C29DA463B005876B9 /* Main.storyboard */,
				CFB6CC3129DA463B005876B9 /* LaunchScreen.storyboard */,
			);
			path = "View+Storyboard";
			sourceTree = "<group>";
		};
		CFB5072F29DA703700B3B42E /* ViewController */ = {
			isa = PBXGroup;
			children = (
				CFD05D2929DAA5F0001A8E42 /* LoginViewController.h */,
				CFD05D2A29DAA5F0001A8E42 /* LoginViewController.m */,
				CFAEDB9229DBAD4F008CF5A7 /* SignupViewController.h */,
				CFAEDB9329DBAD4F008CF5A7 /* SignupViewController.m */,
				CFADF18C29DD15F000ABCF4B /* FriendsViewController.h */,
				CFADF18D29DD15F000ABCF4B /* FriendsViewController.m */,
				CFADF19229DD6CDC00ABCF4B /* ChattingViewController.h */,
				CFADF19329DD6CDC00ABCF4B /* ChattingViewController.m */,
			);
			path = ViewController;
			sourceTree = "<group>";
		};
		CFB6CC1729DA463B005876B9 = {
			isa = PBXGroup;
			children = (
				CFB6CC2229DA463B005876B9 /* HongTalk */,
				CFB6CC2129DA463B005876B9 /* Products */,
				4FE9150B4F505C1B4D0DF1EB /* Pods */,
				0DE0829BA174B236F29FF424 /* Frameworks */,
			);
			sourceTree = "<group>";
		};
		CFB6CC2129DA463B005876B9 /* Products */ = {
			isa = PBXGroup;
			children = (
				CFB6CC2029DA463B005876B9 /* HongTalk.app */,
			);
			name = Products;
			sourceTree = "<group>";
		};
		CFB6CC2229DA463B005876B9 /* HongTalk */ = {
			isa = PBXGroup;
			children = (
				CFAEDB9C29DBD883008CF5A7 /* shareClass */,
				CFB5072F29DA703700B3B42E /* ViewController */,
				CFB5072E29DA64CE00B3B42E /* View+Storyboard */,
				CFADF18829DD0CD400ABCF4B /* Models */,
				CF14916529DA52D2005F3A48 /* FirebaseFile */,
				CFB6CC2329DA463B005876B9 /* AppDelegate.h */,
				CFB6CC2429DA463B005876B9 /* AppDelegate.m */,
				CFB6CC2629DA463B005876B9 /* SceneDelegate.h */,
				CFB6CC2729DA463B005876B9 /* SceneDelegate.m */,
				CFB6CC2929DA463B005876B9 /* ViewController.h */,
				CFB6CC2A29DA463B005876B9 /* ViewController.m */,
				CFB6CC2F29DA463B005876B9 /* Assets.xcassets */,
				CFB6CC3429DA463B005876B9 /* Info.plist */,
				CFB6CC3529DA463B005876B9 /* main.m */,
			);
			path = HongTalk;
			sourceTree = "<group>";
		};
/* End PBXGroup section */

/* Begin PBXNativeTarget section */
		CFB6CC1F29DA463B005876B9 /* HongTalk */ = {
			isa = PBXNativeTarget;
			buildConfigurationList = CFB6CC3929DA463B005876B9 /* Build configuration list for PBXNativeTarget "HongTalk" */;
			buildPhases = (
				9B3B3805CA23CD8B49505346 /* [CP] Check Pods Manifest.lock */,
				CFB6CC1C29DA463B005876B9 /* Sources */,
				CFB6CC1D29DA463B005876B9 /* Frameworks */,
				CFB6CC1E29DA463B005876B9 /* Resources */,
				BE60ACBFD75030B3FAA83252 /* [CP] Embed Pods Frameworks */,
			);
			buildRules = (
			);
			dependencies = (
			);
			name = HongTalk;
			productName = HongTalk;
			productReference = CFB6CC2029DA463B005876B9 /* HongTalk.app */;
			productType = "com.apple.product-type.application";
		};
/* End PBXNativeTarget section */

/* Begin PBXProject section */
		CFB6CC1829DA463B005876B9 /* Project object */ = {
			isa = PBXProject;
			attributes = {
				BuildIndependentTargetsInParallel = 1;
				LastUpgradeCheck = 1420;
				TargetAttributes = {
					CFB6CC1F29DA463B005876B9 = {
						CreatedOnToolsVersion = 14.2;
					};
				};
			};
			buildConfigurationList = CFB6CC1B29DA463B005876B9 /* Build configuration list for PBXProject "HongTalk" */;
			compatibilityVersion = "Xcode 14.0";
			developmentRegion = en;
			hasScannedForEncodings = 0;
			knownRegions = (
				en,
				Base,
			);
			mainGroup = CFB6CC1729DA463B005876B9;
			productRefGroup = CFB6CC2129DA463B005876B9 /* Products */;
			projectDirPath = "";
			projectRoot = "";
			targets = (
				CFB6CC1F29DA463B005876B9 /* HongTalk */,
			);
		};
/* End PBXProject section */

/* Begin PBXResourcesBuildPhase section */
		CFB6CC1E29DA463B005876B9 /* Resources */ = {
			isa = PBXResourcesBuildPhase;
			buildActionMask = 2147483647;
			files = (
				CFB6CC3329DA463B005876B9 /* LaunchScreen.storyboard in Resources */,
				CF14916429DA52C8005F3A48 /* GoogleService-Info.plist in Resources */,
				CFB5072D29DA64C900B3B42E /* LoginViewController.storyboard in Resources */,
				CFB6CC3029DA463B005876B9 /* Assets.xcassets in Resources */,
				CFB6CC2E29DA463B005876B9 /* Main.storyboard in Resources */,
			);
			runOnlyForDeploymentPostprocessing = 0;
		};
/* End PBXResourcesBuildPhase section */

/* Begin PBXShellScriptBuildPhase section */
		9B3B3805CA23CD8B49505346 /* [CP] Check Pods Manifest.lock */ = {
			isa = PBXShellScriptBuildPhase;
			buildActionMask = 2147483647;
			files = (
			);
			inputFileListPaths = (
			);
			inputPaths = (
				"${PODS_PODFILE_DIR_PATH}/Podfile.lock",
				"${PODS_ROOT}/Manifest.lock",
			);
			name = "[CP] Check Pods Manifest.lock";
			outputFileListPaths = (
			);
			outputPaths = (
				"$(DERIVED_FILE_DIR)/Pods-HongTalk-checkManifestLockResult.txt",
			);
			runOnlyForDeploymentPostprocessing = 0;
			shellPath = /bin/sh;
			shellScript = "diff \"${PODS_PODFILE_DIR_PATH}/Podfile.lock\" \"${PODS_ROOT}/Manifest.lock\" > /dev/null\nif [ $? != 0 ] ; then\n    # print error to STDERR\n    echo \"error: The sandbox is not in sync with the Podfile.lock. Run 'pod install' or update your CocoaPods installation.\" >&2\n    exit 1\nfi\n# This output is used by Xcode 'outputs' to avoid re-running this script phase.\necho \"SUCCESS\" > \"${SCRIPT_OUTPUT_FILE_0}\"\n";
			showEnvVarsInLog = 0;
		};
		BE60ACBFD75030B3FAA83252 /* [CP] Embed Pods Frameworks */ = {
			isa = PBXShellScriptBuildPhase;
			buildActionMask = 2147483647;
			files = (
			);
			inputFileListPaths = (
				"${PODS_ROOT}/Target Support Files/Pods-HongTalk/Pods-HongTalk-frameworks-${CONFIGURATION}-input-files.xcfilelist",
			);
			name = "[CP] Embed Pods Frameworks";
			outputFileListPaths = (
				"${PODS_ROOT}/Target Support Files/Pods-HongTalk/Pods-HongTalk-frameworks-${CONFIGURATION}-output-files.xcfilelist",
			);
			runOnlyForDeploymentPostprocessing = 0;
			shellPath = /bin/sh;
			shellScript = "\"${PODS_ROOT}/Target Support Files/Pods-HongTalk/Pods-HongTalk-frameworks.sh\"\n";
			showEnvVarsInLog = 0;
		};
/* End PBXShellScriptBuildPhase section */

/* Begin PBXSourcesBuildPhase section */
		CFB6CC1C29DA463B005876B9 /* Sources */ = {
			isa = PBXSourcesBuildPhase;
			buildActionMask = 2147483647;
			files = (
				CFAEDB9429DBAD4F008CF5A7 /* SignupViewController.m in Sources */,
				CFB6CC2B29DA463B005876B9 /* ViewController.m in Sources */,
				CFB6CC2529DA463B005876B9 /* AppDelegate.m in Sources */,
				CFADF18E29DD15F000ABCF4B /* FriendsViewController.m in Sources */,
				CFB6CC3629DA463B005876B9 /* main.m in Sources */,
				CFB6CC2829DA463B005876B9 /* SceneDelegate.m in Sources */,
				CFD05D2B29DAA5F0001A8E42 /* LoginViewController.m in Sources */,
				CFADF18B29DD0DD300ABCF4B /* UserModel.m in Sources */,
				CFADF19429DD6CDC00ABCF4B /* ChattingViewController.m in Sources */,
				CFAEDB9B29DBC935008CF5A7 /* RegExOfTextfield.m in Sources */,
			);
			runOnlyForDeploymentPostprocessing = 0;
		};
/* End PBXSourcesBuildPhase section */

/* Begin PBXVariantGroup section */
		CFB6CC2C29DA463B005876B9 /* Main.storyboard */ = {
			isa = PBXVariantGroup;
			children = (
				CFB6CC2D29DA463B005876B9 /* Base */,
			);
			name = Main.storyboard;
			sourceTree = "<group>";
		};
		CFB6CC3129DA463B005876B9 /* LaunchScreen.storyboard */ = {
			isa = PBXVariantGroup;
			children = (
				CFB6CC3229DA463B005876B9 /* Base */,
			);
			name = LaunchScreen.storyboard;
			sourceTree = "<group>";
		};
/* End PBXVariantGroup section */

/* Begin XCBuildConfiguration section */
		CFB6CC3729DA463B005876B9 /* Debug */ = {
			isa = XCBuildConfiguration;
			buildSettings = {
				ALWAYS_SEARCH_USER_PATHS = NO;
				CLANG_ANALYZER_NONNULL = YES;
				CLANG_ANALYZER_NUMBER_OBJECT_CONVERSION = YES_AGGRESSIVE;
				CLANG_CXX_LANGUAGE_STANDARD = "gnu++20";
				CLANG_ENABLE_MODULES = YES;
				CLANG_ENABLE_OBJC_ARC = YES;
				CLANG_ENABLE_OBJC_WEAK = YES;
				CLANG_WARN_BLOCK_CAPTURE_AUTORELEASING = YES;
				CLANG_WARN_BOOL_CONVERSION = YES;
				CLANG_WARN_COMMA = YES;
				CLANG_WARN_CONSTANT_CONVERSION = YES;
				CLANG_WARN_DEPRECATED_OBJC_IMPLEMENTATIONS = YES;
				CLANG_WARN_DIRECT_OBJC_ISA_USAGE = YES_ERROR;
				CLANG_WARN_DOCUMENTATION_COMMENTS = YES;
				CLANG_WARN_EMPTY_BODY = YES;
				CLANG_WARN_ENUM_CONVERSION = YES;
				CLANG_WARN_INFINITE_RECURSION = YES;
				CLANG_WARN_INT_CONVERSION = YES;
				CLANG_WARN_NON_LITERAL_NULL_CONVERSION = YES;
				CLANG_WARN_OBJC_IMPLICIT_RETAIN_SELF = YES;
				CLANG_WARN_OBJC_LITERAL_CONVERSION = YES;
				CLANG_WARN_OBJC_ROOT_CLASS = YES_ERROR;
				CLANG_WARN_QUOTED_INCLUDE_IN_FRAMEWORK_HEADER = YES;
				CLANG_WARN_RANGE_LOOP_ANALYSIS = YES;
				CLANG_WARN_STRICT_PROTOTYPES = YES;
				CLANG_WARN_SUSPICIOUS_MOVE = YES;
				CLANG_WARN_UNGUARDED_AVAILABILITY = YES_AGGRESSIVE;
				CLANG_WARN_UNREACHABLE_CODE = YES;
				CLANG_WARN__DUPLICATE_METHOD_MATCH = YES;
				COPY_PHASE_STRIP = NO;
				DEBUG_INFORMATION_FORMAT = dwarf;
				ENABLE_STRICT_OBJC_MSGSEND = YES;
				ENABLE_TESTABILITY = YES;
				GCC_C_LANGUAGE_STANDARD = gnu11;
				GCC_DYNAMIC_NO_PIC = NO;
				GCC_NO_COMMON_BLOCKS = YES;
				GCC_OPTIMIZATION_LEVEL = 0;
				GCC_PREPROCESSOR_DEFINITIONS = (
					"DEBUG=1",
					"$(inherited)",
				);
				GCC_WARN_64_TO_32_BIT_CONVERSION = YES;
				GCC_WARN_ABOUT_RETURN_TYPE = YES_ERROR;
				GCC_WARN_UNDECLARED_SELECTOR = YES;
				GCC_WARN_UNINITIALIZED_AUTOS = YES_AGGRESSIVE;
				GCC_WARN_UNUSED_FUNCTION = YES;
				GCC_WARN_UNUSED_VARIABLE = YES;
				IPHONEOS_DEPLOYMENT_TARGET = 16.2;
				MTL_ENABLE_DEBUG_INFO = INCLUDE_SOURCE;
				MTL_FAST_MATH = YES;
				ONLY_ACTIVE_ARCH = YES;
				SDKROOT = iphoneos;
			};
			name = Debug;
		};
		CFB6CC3829DA463B005876B9 /* Release */ = {
			isa = XCBuildConfiguration;
			buildSettings = {
				ALWAYS_SEARCH_USER_PATHS = NO;
				CLANG_ANALYZER_NONNULL = YES;
				CLANG_ANALYZER_NUMBER_OBJECT_CONVERSION = YES_AGGRESSIVE;
				CLANG_CXX_LANGUAGE_STANDARD = "gnu++20";
				CLANG_ENABLE_MODULES = YES;
				CLANG_ENABLE_OBJC_ARC = YES;
				CLANG_ENABLE_OBJC_WEAK = YES;
				CLANG_WARN_BLOCK_CAPTURE_AUTORELEASING = YES;
				CLANG_WARN_BOOL_CONVERSION = YES;
				CLANG_WARN_COMMA = YES;
				CLANG_WARN_CONSTANT_CONVERSION = YES;
				CLANG_WARN_DEPRECATED_OBJC_IMPLEMENTATIONS = YES;
				CLANG_WARN_DIRECT_OBJC_ISA_USAGE = YES_ERROR;
				CLANG_WARN_DOCUMENTATION_COMMENTS = YES;
				CLANG_WARN_EMPTY_BODY = YES;
				CLANG_WARN_ENUM_CONVERSION = YES;
				CLANG_WARN_INFINITE_RECURSION = YES;
				CLANG_WARN_INT_CONVERSION = YES;
				CLANG_WARN_NON_LITERAL_NULL_CONVERSION = YES;
				CLANG_WARN_OBJC_IMPLICIT_RETAIN_SELF = YES;
				CLANG_WARN_OBJC_LITERAL_CONVERSION = YES;
				CLANG_WARN_OBJC_ROOT_CLASS = YES_ERROR;
				CLANG_WARN_QUOTED_INCLUDE_IN_FRAMEWORK_HEADER = YES;
				CLANG_WARN_RANGE_LOOP_ANALYSIS = YES;
				CLANG_WARN_STRICT_PROTOTYPES = YES;
				CLANG_WARN_SUSPICIOUS_MOVE = YES;
				CLANG_WARN_UNGUARDED_AVAILABILITY = YES_AGGRESSIVE;
				CLANG_WARN_UNREACHABLE_CODE = YES;
				CLANG_WARN__DUPLICATE_METHOD_MATCH = YES;
				COPY_PHASE_STRIP = NO;
				DEBUG_INFORMATION_FORMAT = "dwarf-with-dsym";
				ENABLE_NS_ASSERTIONS = NO;
				ENABLE_STRICT_OBJC_MSGSEND = YES;
				GCC_C_LANGUAGE_STANDARD = gnu11;
				GCC_NO_COMMON_BLOCKS = YES;
				GCC_WARN_64_TO_32_BIT_CONVERSION = YES;
				GCC_WARN_ABOUT_RETURN_TYPE = YES_ERROR;
				GCC_WARN_UNDECLARED_SELECTOR = YES;
				GCC_WARN_UNINITIALIZED_AUTOS = YES_AGGRESSIVE;
				GCC_WARN_UNUSED_FUNCTION = YES;
				GCC_WARN_UNUSED_VARIABLE = YES;
				IPHONEOS_DEPLOYMENT_TARGET = 16.2;
				MTL_ENABLE_DEBUG_INFO = NO;
				MTL_FAST_MATH = YES;
				SDKROOT = iphoneos;
				VALIDATE_PRODUCT = YES;
			};
			name = Release;
		};
		CFB6CC3A29DA463B005876B9 /* Debug */ = {
			isa = XCBuildConfiguration;
			baseConfigurationReference = 45F65872AF094105D610E9C8 /* Pods-HongTalk.debug.xcconfig */;
			buildSettings = {
				ASSETCATALOG_COMPILER_APPICON_NAME = AppIcon;
				ASSETCATALOG_COMPILER_GLOBAL_ACCENT_COLOR_NAME = AccentColor;
				CODE_SIGN_STYLE = Automatic;
				CURRENT_PROJECT_VERSION = 1;
				DEVELOPMENT_TEAM = XDA545DV75;
				GENERATE_INFOPLIST_FILE = YES;
				INFOPLIST_FILE = HongTalk/Info.plist;
				INFOPLIST_KEY_UIApplicationSupportsIndirectInputEvents = YES;
				INFOPLIST_KEY_UILaunchStoryboardName = LaunchScreen;
				INFOPLIST_KEY_UIMainStoryboardFile = Main;
				INFOPLIST_KEY_UISupportedInterfaceOrientations_iPad = "UIInterfaceOrientationPortrait UIInterfaceOrientationPortraitUpsideDown UIInterfaceOrientationLandscapeLeft UIInterfaceOrientationLandscapeRight";
				INFOPLIST_KEY_UISupportedInterfaceOrientations_iPhone = "UIInterfaceOrientationPortrait UIInterfaceOrientationLandscapeLeft UIInterfaceOrientationLandscapeRight";
				LD_RUNPATH_SEARCH_PATHS = (
					"$(inherited)",
					"@executable_path/Frameworks",
				);
				MARKETING_VERSION = 1.0;
				PRODUCT_BUNDLE_IDENTIFIER = com.jeongmin.HongTalk;
				PRODUCT_NAME = "$(TARGET_NAME)";
				SWIFT_EMIT_LOC_STRINGS = YES;
				TARGETED_DEVICE_FAMILY = "1,2";
			};
			name = Debug;
		};
		CFB6CC3B29DA463B005876B9 /* Release */ = {
			isa = XCBuildConfiguration;
			baseConfigurationReference = 97B36B79DA512DBD82301467 /* Pods-HongTalk.release.xcconfig */;
			buildSettings = {
				ASSETCATALOG_COMPILER_APPICON_NAME = AppIcon;
				ASSETCATALOG_COMPILER_GLOBAL_ACCENT_COLOR_NAME = AccentColor;
				CODE_SIGN_STYLE = Automatic;
				CURRENT_PROJECT_VERSION = 1;
				DEVELOPMENT_TEAM = XDA545DV75;
				GENERATE_INFOPLIST_FILE = YES;
				INFOPLIST_FILE = HongTalk/Info.plist;
				INFOPLIST_KEY_UIApplicationSupportsIndirectInputEvents = YES;
				INFOPLIST_KEY_UILaunchStoryboardName = LaunchScreen;
				INFOPLIST_KEY_UIMainStoryboardFile = Main;
				INFOPLIST_KEY_UISupportedInterfaceOrientations_iPad = "UIInterfaceOrientationPortrait UIInterfaceOrientationPortraitUpsideDown UIInterfaceOrientationLandscapeLeft UIInterfaceOrientationLandscapeRight";
				INFOPLIST_KEY_UISupportedInterfaceOrientations_iPhone = "UIInterfaceOrientationPortrait UIInterfaceOrientationLandscapeLeft UIInterfaceOrientationLandscapeRight";
				LD_RUNPATH_SEARCH_PATHS = (
					"$(inherited)",
					"@executable_path/Frameworks",
				);
				MARKETING_VERSION = 1.0;
				PRODUCT_BUNDLE_IDENTIFIER = com.jeongmin.HongTalk;
				PRODUCT_NAME = "$(TARGET_NAME)";
				SWIFT_EMIT_LOC_STRINGS = YES;
				TARGETED_DEVICE_FAMILY = "1,2";
			};
			name = Release;
		};
/* End XCBuildConfiguration section */

/* Begin XCConfigurationList section */
		CFB6CC1B29DA463B005876B9 /* Build configuration list for PBXProject "HongTalk" */ = {
			isa = XCConfigurationList;
			buildConfigurations = (
				CFB6CC3729DA463B005876B9 /* Debug */,
				CFB6CC3829DA463B005876B9 /* Release */,
			);
			defaultConfigurationIsVisible = 0;
			defaultConfigurationName = Release;
		};
		CFB6CC3929DA463B005876B9 /* Build configuration list for PBXNativeTarget "HongTalk" */ = {
			isa = XCConfigurationList;
			buildConfigurations = (
				CFB6CC3A29DA463B005876B9 /* Debug */,
				CFB6CC3B29DA463B005876B9 /* Release */,
			);
			defaultConfigurationIsVisible = 0;
			defaultConfigurationName = Release;
		};
/* End XCConfigurationList section */
	};
	rootObject = CFB6CC1829DA463B005876B9 /* Project object */;
}
